
Microsoft Visual Studio Solution File, Format Version 12.00
# Visual Studio 14
VisualStudioVersion = 14.0.25420.1
MinimumVisualStudioVersion = 10.0.40219.1
Project("{FAE04EC0-301F-11D3-BF4B-00C04F79EFBC}") = "Aula-12-05", "Aula-12-05\Aula-12-05.csproj", "{3842BDA7-D2D1-4AC4-B830-EA6E653E922D}"
EndProject
Global
	GlobalSection(SolutionConfigurationPlatforms) = preSolution
		Debug|Any CPU = Debug|Any CPU
		Release|Any CPU = Release|Any CPU
	EndGlobalSection
	GlobalSection(ProjectConfigurationPlatforms) = postSolution
		{3842BDA7-D2D1-4AC4-B830-EA6E653E922D}.Debug|Any CPU.ActiveCfg = Debug|Any CPU
		{3842BDA7-D2D1-4AC4-B830-EA6E653E922D}.Debug|Any CPU.Build.0 = Debug|Any CPU
		{3842BDA7-D2D1-4AC4-B830-EA6E653E922D}.Release|Any CPU.ActiveCfg = Release|Any CPU
		{3842BDA7-D2D1-4AC4-B830-EA6E653E922D}.Release|Any CPU.Build.0 = Release|Any CPU
	EndGlobalSection
	GlobalSection(SolutionProperties) = preSolution
		HideSolutionNode = FALSE
	EndGlobalSection
EndGlobal
